
Microsoft Visual Studio Solution File, Format Version 11.00
# Visual Studio 2010
Project("{FAE04EC0-301F-11D3-BF4B-00C04F79EFBC}") = "event-bus-client", "event-bus-client\event-bus-client.csproj", "{61C42B9F-9CC7-44C5-A345-0E5884BC2EDD}"
EndProject
Project("{FAE04EC0-301F-11D3-BF4B-00C04F79EFBC}") = "event-bus-rabbit", "event-bus-rabbit\event-bus-rabbit.csproj", "{81EACA35-DBDA-431A-BB37-2685A6AA1E1D}"
EndProject
Project("{FAE04EC0-301F-11D3-BF4B-00C04F79EFBC}") = "event-bus-rabbit-tests", "event-bus-rabbit\event-bus-rabbit-tests.csproj", "{3198A508-B2FD-456C-AF2D-D84815297F8F}"
EndProject
Global
	GlobalSection(SolutionConfigurationPlatforms) = preSolution
		Debug|Any CPU = Debug|Any CPU
		Release|Any CPU = Release|Any CPU
	EndGlobalSection
	GlobalSection(ProjectConfigurationPlatforms) = postSolution
		{3198A508-B2FD-456C-AF2D-D84815297F8F}.Debug|Any CPU.ActiveCfg = Debug|Any CPU
		{3198A508-B2FD-456C-AF2D-D84815297F8F}.Debug|Any CPU.Build.0 = Debug|Any CPU
		{3198A508-B2FD-456C-AF2D-D84815297F8F}.Release|Any CPU.ActiveCfg = Release|Any CPU
		{3198A508-B2FD-456C-AF2D-D84815297F8F}.Release|Any CPU.Build.0 = Release|Any CPU
		{61C42B9F-9CC7-44C5-A345-0E5884BC2EDD}.Debug|Any CPU.ActiveCfg = Debug|Any CPU
		{61C42B9F-9CC7-44C5-A345-0E5884BC2EDD}.Debug|Any CPU.Build.0 = Debug|Any CPU
		{61C42B9F-9CC7-44C5-A345-0E5884BC2EDD}.Release|Any CPU.ActiveCfg = Release|Any CPU
		{61C42B9F-9CC7-44C5-A345-0E5884BC2EDD}.Release|Any CPU.Build.0 = Release|Any CPU
		{81EACA35-DBDA-431A-BB37-2685A6AA1E1D}.Debug|Any CPU.ActiveCfg = Debug|Any CPU
		{81EACA35-DBDA-431A-BB37-2685A6AA1E1D}.Debug|Any CPU.Build.0 = Debug|Any CPU
		{81EACA35-DBDA-431A-BB37-2685A6AA1E1D}.Release|Any CPU.ActiveCfg = Release|Any CPU
		{81EACA35-DBDA-431A-BB37-2685A6AA1E1D}.Release|Any CPU.Build.0 = Release|Any CPU
	EndGlobalSection
	GlobalSection(MonoDevelopProperties) = preSolution
		StartupItem = event-bus-client\event-bus-client.csproj
	EndGlobalSection
	GlobalSection(SolutionProperties) = preSolution
		HideSolutionNode = FALSE
	EndGlobalSection
EndGlobal
